# This file is automatically @generated by Cargo.
# It is not intended for manual editing.
version = 4

[[package]]
name = "dyn-async-trait"
version = "0.1.0"
dependencies = [
 "dynify",
 "pollster",
]

[[package]]
name = "dynify"
version = "0.0.1"
source = "git+https://github.com/loichyan/dynify#c605a289397010984fe3e5e13a14421377b66ef8"

[[package]]
name = "pollster"
version = "0.4.0"
source = "registry+https://github.com/rust-lang/crates.io-index"
checksum = "2f3a9f18d041e6d0e102a0a46750538147e5e8992d3b4873aaafee2520b00ce3"
